
Microsoft Visual Studio Solution File, Format Version 12.00
# Visual Studio 15
VisualStudioVersion = 15.0.28307.168
MinimumVisualStudioVersion = 10.0.40219.1
Project("{FAE04EC0-301F-11D3-BF4B-00C04F79EFBC}") = "FCMClient", "FCMClient\FCMClient.csproj", "{6537F066-7E35-40B6-81AF-B8BA3BC5FC5C}"
EndProject
Global
	GlobalSection(SolutionConfigurationPlatforms) = preSolution
		Debug|Any CPU = Debug|Any CPU
		Release|Any CPU = Release|Any CPU
	EndGlobalSection
	GlobalSection(ProjectConfigurationPlatforms) = postSolution
		{6537F066-7E35-40B6-81AF-B8BA3BC5FC5C}.Debug|Any CPU.ActiveCfg = Debug|Any CPU
		{6537F066-7E35-40B6-81AF-B8BA3BC5FC5C}.Debug|Any CPU.Build.0 = Debug|Any CPU
		{6537F066-7E35-40B6-81AF-B8BA3BC5FC5C}.Debug|Any CPU.Deploy.0 = Debug|Any CPU
		{6537F066-7E35-40B6-81AF-B8BA3BC5FC5C}.Release|Any CPU.ActiveCfg = Release|Any CPU
		{6537F066-7E35-40B6-81AF-B8BA3BC5FC5C}.Release|Any CPU.Build.0 = Release|Any CPU
		{6537F066-7E35-40B6-81AF-B8BA3BC5FC5C}.Release|Any CPU.Deploy.0 = Release|Any CPU
	EndGlobalSection
	GlobalSection(SolutionProperties) = preSolution
		HideSolutionNode = FALSE
	EndGlobalSection
	GlobalSection(ExtensibilityGlobals) = postSolution
		SolutionGuid = {76B80FAC-581F-49A8-AF85-632EBCFB54DB}
	EndGlobalSection
EndGlobal
